// !$*UTF8*$!
{
	archiveVersion = 1;
	classes = {
	};
	objectVersion = 50;
	objects = {

/* Begin PBXBuildFile section */
		2E1302E5228EFF11001A7C5C /* Score.swift in Sources */ = {isa = PBXBuildFile; fileRef = 2E1302E4228EFF11001A7C5C /* Score.swift */; };
		2E1302E9228F0365001A7C5C /* Fireflies.sks in Resources */ = {isa = PBXBuildFile; fileRef = 2E1302E8228F0365001A7C5C /* Fireflies.sks */; };
		2E1341D6225F67A200827C06 /* Assets.xcassets in Resources */ = {isa = PBXBuildFile; fileRef = 2E1341D5225F67A200827C06 /* Assets.xcassets */; };
		2E136DA622450EC100130FD2 /* GameScene.swift in Sources */ = {isa = PBXBuildFile; fileRef = 2E136DA522450EC100130FD2 /* GameScene.swift */; };
		2E16B47F223A966C0093F8F6 /* MenuScene.swift in Sources */ = {isa = PBXBuildFile; fileRef = 2E16B47E223A966C0093F8F6 /* MenuScene.swift */; };
		2E16B481223A98B10093F8F6 /* AboutScene.swift in Sources */ = {isa = PBXBuildFile; fileRef = 2E16B480223A98B10093F8F6 /* AboutScene.swift */; };
		2E16B483223A98CF0093F8F6 /* ResultScene.swift in Sources */ = {isa = PBXBuildFile; fileRef = 2E16B482223A98CF0093F8F6 /* ResultScene.swift */; };
		2E1710A0224E549200C58B22 /* Preferences.swift in Sources */ = {isa = PBXBuildFile; fileRef = 2E17109F224E549200C58B22 /* Preferences.swift */; };
		2E176056223BD72C00A05515 /* PlayMenuScene.swift in Sources */ = {isa = PBXBuildFile; fileRef = 2E176055223BD72C00A05515 /* PlayMenuScene.swift */; };
		2E1822592243C8720031B51E /* Card.swift in Sources */ = {isa = PBXBuildFile; fileRef = 2E1822582243C8720031B51E /* Card.swift */; };
		2E18225E2243CB010031B51E /* GameLogic.swift in Sources */ = {isa = PBXBuildFile; fileRef = 2E18225D2243CB010031B51E /* GameLogic.swift */; };
		2E1822612243D1130031B51E /* CardSprite.swift in Sources */ = {isa = PBXBuildFile; fileRef = 2E1822602243D1130031B51E /* CardSprite.swift */; };
		2E1A369F22845A2600908A6D /* Actions.strings in Resources */ = {isa = PBXBuildFile; fileRef = 2E1A369E22845A2600908A6D /* Actions.strings */; };
		2E1A36A222845AA500908A6D /* Localizable.strings in Resources */ = {isa = PBXBuildFile; fileRef = 2E1A36A422845AA500908A6D /* Localizable.strings */; };
		2E88D33522A7FF8300DED0A8 /* Prefs.swift in Sources */ = {isa = PBXBuildFile; fileRef = 2E88D33422A7FF8300DED0A8 /* Prefs.swift */; };
		2E88D33722A800F700DED0A8 /* Audio.swift in Sources */ = {isa = PBXBuildFile; fileRef = 2E88D33622A800F700DED0A8 /* Audio.swift */; };
		2E88D33A22A8040500DED0A8 /* BACKGROUND_MUSIC.mp3 in Resources */ = {isa = PBXBuildFile; fileRef = 2E88D33922A8040500DED0A8 /* BACKGROUND_MUSIC.mp3 */; };
		2E88D33C22A81E2600DED0A8 /* wrong.mp3 in Resources */ = {isa = PBXBuildFile; fileRef = 2E88D33B22A81E2600DED0A8 /* wrong.mp3 */; };
		2EB2F08422314D450067098E /* AppDelegate.swift in Sources */ = {isa = PBXBuildFile; fileRef = 2EB2F08322314D450067098E /* AppDelegate.swift */; };
		2EB2F08822314D450067098E /* Actions.sks in Resources */ = {isa = PBXBuildFile; fileRef = 2EB2F08722314D450067098E /* Actions.sks */; };
		2EB2F08C22314D450067098E /* GameViewController.swift in Sources */ = {isa = PBXBuildFile; fileRef = 2EB2F08B22314D450067098E /* GameViewController.swift */; };
		2EB2F08F22314D450067098E /* Main.storyboard in Resources */ = {isa = PBXBuildFile; fileRef = 2EB2F08D22314D450067098E /* Main.storyboard */; };
		2EB2F09422314D450067098E /* LaunchScreen.storyboard in Resources */ = {isa = PBXBuildFile; fileRef = 2EB2F09222314D450067098E /* LaunchScreen.storyboard */; };
		2EB2F09C22314E510067098E /* Button.swift in Sources */ = {isa = PBXBuildFile; fileRef = 2EB2F09B22314E510067098E /* Button.swift */; };
		2EB2F09E22315D9B0067098E /* ImageButton.swift in Sources */ = {isa = PBXBuildFile; fileRef = 2EB2F09D22315D9B0067098E /* ImageButton.swift */; };
		2EF8506C2273361400783C4E /* GoogleService-Info.plist in Resources */ = {isa = PBXBuildFile; fileRef = 2EF8506B2273361400783C4E /* GoogleService-Info.plist */; };
		2EF8506E227338B000783C4E /* FirebaseSevice.swift in Sources */ = {isa = PBXBuildFile; fileRef = 2EF8506D227338B000783C4E /* FirebaseSevice.swift */; };
		8D61925B389D34302D462527 /* Pods_MemoryEntiMemes.framework in Frameworks */ = {isa = PBXBuildFile; fileRef = FDD99D5E275A4D70B416FAC1 /* Pods_MemoryEntiMemes.framework */; };
/* End PBXBuildFile section */

/* Begin PBXFileReference section */
		0AA01DCA3BBFA3FAAE7ABAB9 /* Pods-MemoryEntiMemes.debug.xcconfig */ = {isa = PBXFileReference; includeInIndex = 1; lastKnownFileType = text.xcconfig; name = "Pods-MemoryEntiMemes.debug.xcconfig"; path = "Target Support Files/Pods-MemoryEntiMemes/Pods-MemoryEntiMemes.debug.xcconfig"; sourceTree = "<group>"; };
		1EBFC025525FE251EA2FDAB1 /* Pods-MemoryEntiMemes.release.xcconfig */ = {isa = PBXFileReference; includeInIndex = 1; lastKnownFileType = text.xcconfig; name = "Pods-MemoryEntiMemes.release.xcconfig"; path = "Target Support Files/Pods-MemoryEntiMemes/Pods-MemoryEntiMemes.release.xcconfig"; sourceTree = "<group>"; };
		2E1302E4228EFF11001A7C5C /* Score.swift */ = {isa = PBXFileReference; lastKnownFileType = sourcecode.swift; path = Score.swift; sourceTree = "<group>"; };
		2E1302E8228F0365001A7C5C /* Fireflies.sks */ = {isa = PBXFileReference; lastKnownFileType = file.sks; path = Fireflies.sks; sourceTree = "<group>"; };
		2E1341D5225F67A200827C06 /* Assets.xcassets */ = {isa = PBXFileReference; lastKnownFileType = folder.assetcatalog; path = Assets.xcassets; sourceTree = "<group>"; };
		2E136DA522450EC100130FD2 /* GameScene.swift */ = {isa = PBXFileReference; lastKnownFileType = sourcecode.swift; path = GameScene.swift; sourceTree = "<group>"; };
		2E16B47E223A966C0093F8F6 /* MenuScene.swift */ = {isa = PBXFileReference; lastKnownFileType = sourcecode.swift; path = MenuScene.swift; sourceTree = "<group>"; usesTabs = 0; };
		2E16B480223A98B10093F8F6 /* AboutScene.swift */ = {isa = PBXFileReference; lastKnownFileType = sourcecode.swift; path = AboutScene.swift; sourceTree = "<group>"; };
		2E16B482223A98CF0093F8F6 /* ResultScene.swift */ = {isa = PBXFileReference; lastKnownFileType = sourcecode.swift; path = ResultScene.swift; sourceTree = "<group>"; };
		2E17109F224E549200C58B22 /* Preferences.swift */ = {isa = PBXFileReference; lastKnownFileType = sourcecode.swift; path = Preferences.swift; sourceTree = "<group>"; };
		2E176055223BD72C00A05515 /* PlayMenuScene.swift */ = {isa = PBXFileReference; lastKnownFileType = sourcecode.swift; path = PlayMenuScene.swift; sourceTree = "<group>"; };
		2E1822582243C8720031B51E /* Card.swift */ = {isa = PBXFileReference; lastKnownFileType = sourcecode.swift; path = Card.swift; sourceTree = "<group>"; };
		2E18225D2243CB010031B51E /* GameLogic.swift */ = {isa = PBXFileReference; lastKnownFileType = sourcecode.swift; path = GameLogic.swift; sourceTree = "<group>"; };
		2E1822602243D1130031B51E /* CardSprite.swift */ = {isa = PBXFileReference; lastKnownFileType = sourcecode.swift; path = CardSprite.swift; sourceTree = "<group>"; };
		2E1A369A2284576000908A6D /* es */ = {isa = PBXFileReference; lastKnownFileType = text.plist.strings; name = es; path = es.lproj/Main.strings; sourceTree = "<group>"; };
		2E1A369B2284576100908A6D /* es */ = {isa = PBXFileReference; lastKnownFileType = text.plist.strings; name = es; path = es.lproj/LaunchScreen.strings; sourceTree = "<group>"; };
		2E1A369C2284577400908A6D /* ca-ES */ = {isa = PBXFileReference; lastKnownFileType = text.plist.strings; name = "ca-ES"; path = "ca-ES.lproj/Main.strings"; sourceTree = "<group>"; };
		2E1A369D2284577400908A6D /* ca-ES */ = {isa = PBXFileReference; lastKnownFileType = text.plist.strings; name = "ca-ES"; path = "ca-ES.lproj/LaunchScreen.strings"; sourceTree = "<group>"; };
		2E1A369E22845A2600908A6D /* Actions.strings */ = {isa = PBXFileReference; lastKnownFileType = text.plist.strings; path = Actions.strings; sourceTree = "<group>"; };
		2E1A36A322845AA500908A6D /* en */ = {isa = PBXFileReference; lastKnownFileType = text.plist.strings; name = en; path = en.lproj/Localizable.strings; sourceTree = "<group>"; };
		2E1A36A522845AAC00908A6D /* es */ = {isa = PBXFileReference; lastKnownFileType = text.plist.strings; name = es; path = es.lproj/Localizable.strings; sourceTree = "<group>"; };
		2E1A36A622845AC800908A6D /* ca-ES */ = {isa = PBXFileReference; lastKnownFileType = text.plist.strings; name = "ca-ES"; path = "ca-ES.lproj/Localizable.strings"; sourceTree = "<group>"; };
		2E88D33422A7FF8300DED0A8 /* Prefs.swift */ = {isa = PBXFileReference; lastKnownFileType = sourcecode.swift; path = Prefs.swift; sourceTree = "<group>"; };
		2E88D33622A800F700DED0A8 /* Audio.swift */ = {isa = PBXFileReference; lastKnownFileType = sourcecode.swift; path = Audio.swift; sourceTree = "<group>"; };
		2E88D33922A8040500DED0A8 /* BACKGROUND_MUSIC.mp3 */ = {isa = PBXFileReference; lastKnownFileType = audio.mp3; name = BACKGROUND_MUSIC.mp3; path = ../../../BACKGROUND_MUSIC.mp3; sourceTree = "<group>"; };
		2E88D33B22A81E2600DED0A8 /* wrong.mp3 */ = {isa = PBXFileReference; lastKnownFileType = audio.mp3; name = wrong.mp3; path = ../../../wrong.mp3; sourceTree = "<group>"; };
		2EB2F08022314D450067098E /* MemoryEntiMemes.app */ = {isa = PBXFileReference; explicitFileType = wrapper.application; includeInIndex = 0; path = MemoryEntiMemes.app; sourceTree = BUILT_PRODUCTS_DIR; };
		2EB2F08322314D450067098E /* AppDelegate.swift */ = {isa = PBXFileReference; lastKnownFileType = sourcecode.swift; path = AppDelegate.swift; sourceTree = "<group>"; };
		2EB2F08722314D450067098E /* Actions.sks */ = {isa = PBXFileReference; lastKnownFileType = file.sks; path = Actions.sks; sourceTree = "<group>"; };
		2EB2F08B22314D450067098E /* GameViewController.swift */ = {isa = PBXFileReference; lastKnownFileType = sourcecode.swift; path = GameViewController.swift; sourceTree = "<group>"; };
		2EB2F08E22314D450067098E /* Base */ = {isa = PBXFileReference; lastKnownFileType = file.storyboard; name = Base; path = Base.lproj/Main.storyboard; sourceTree = "<group>"; };
		2EB2F09322314D450067098E /* Base */ = {isa = PBXFileReference; lastKnownFileType = file.storyboard; name = Base; path = Base.lproj/LaunchScreen.storyboard; sourceTree = "<group>"; };
		2EB2F09522314D460067098E /* Info.plist */ = {isa = PBXFileReference; lastKnownFileType = text.plist.xml; path = Info.plist; sourceTree = "<group>"; };
		2EB2F09B22314E510067098E /* Button.swift */ = {isa = PBXFileReference; lastKnownFileType = sourcecode.swift; path = Button.swift; sourceTree = "<group>"; };
		2EB2F09D22315D9B0067098E /* ImageButton.swift */ = {isa = PBXFileReference; lastKnownFileType = sourcecode.swift; path = ImageButton.swift; sourceTree = "<group>"; };
		2EF8506B2273361400783C4E /* GoogleService-Info.plist */ = {isa = PBXFileReference; fileEncoding = 4; lastKnownFileType = text.plist.xml; path = "GoogleService-Info.plist"; sourceTree = "<group>"; };
		2EF8506D227338B000783C4E /* FirebaseSevice.swift */ = {isa = PBXFileReference; lastKnownFileType = sourcecode.swift; path = FirebaseSevice.swift; sourceTree = "<group>"; };
		FDD99D5E275A4D70B416FAC1 /* Pods_MemoryEntiMemes.framework */ = {isa = PBXFileReference; explicitFileType = wrapper.framework; includeInIndex = 0; path = Pods_MemoryEntiMemes.framework; sourceTree = BUILT_PRODUCTS_DIR; };
/* End PBXFileReference section */

/* Begin PBXFrameworksBuildPhase section */
		2EB2F07D22314D450067098E /* Frameworks */ = {
			isa = PBXFrameworksBuildPhase;
			buildActionMask = 2147483647;
			files = (
				8D61925B389D34302D462527 /* Pods_MemoryEntiMemes.framework in Frameworks */,
			);
			runOnlyForDeploymentPostprocessing = 0;
		};
/* End PBXFrameworksBuildPhase section */

/* Begin PBXGroup section */
		1EA9909C52E768D7DA63CDE9 /* Pods */ = {
			isa = PBXGroup;
			children = (
				0AA01DCA3BBFA3FAAE7ABAB9 /* Pods-MemoryEntiMemes.debug.xcconfig */,
				1EBFC025525FE251EA2FDAB1 /* Pods-MemoryEntiMemes.release.xcconfig */,
			);
			path = Pods;
			sourceTree = "<group>";
		};
		293C1FD1A076FD3C71BFDC05 /* Frameworks */ = {
			isa = PBXGroup;
			children = (
				FDD99D5E275A4D70B416FAC1 /* Pods_MemoryEntiMemes.framework */,
			);
			name = Frameworks;
			sourceTree = "<group>";
		};
		2E18225A2243CA710031B51E /* Engine */ = {
			isa = PBXGroup;
			children = (
				2E18225D2243CB010031B51E /* GameLogic.swift */,
			);
			path = Engine;
			sourceTree = "<group>";
		};
		2E18225B2243CA7A0031B51E /* Model */ = {
			isa = PBXGroup;
			children = (
				2E1822582243C8720031B51E /* Card.swift */,
				2E1302E4228EFF11001A7C5C /* Score.swift */,
			);
			path = Model;
			sourceTree = "<group>";
		};
		2E18225C2243CAA00031B51E /* UI */ = {
			isa = PBXGroup;
			children = (
				2EB2F09B22314E510067098E /* Button.swift */,
				2EB2F09D22315D9B0067098E /* ImageButton.swift */,
				2E1822602243D1130031B51E /* CardSprite.swift */,
				2E17109F224E549200C58B22 /* Preferences.swift */,
			);
			path = UI;
			sourceTree = "<group>";
		};
		2E88D33822A803ED00DED0A8 /* Music */ = {
			isa = PBXGroup;
			children = (
				2E88D33B22A81E2600DED0A8 /* wrong.mp3 */,
				2E88D33922A8040500DED0A8 /* BACKGROUND_MUSIC.mp3 */,
			);
			path = Music;
			sourceTree = "<group>";
		};
		2EB2F07722314D450067098E = {
			isa = PBXGroup;
			children = (
				2EB2F08222314D450067098E /* MemoryEntiMemes */,
				2EB2F08122314D450067098E /* Products */,
				1EA9909C52E768D7DA63CDE9 /* Pods */,
				293C1FD1A076FD3C71BFDC05 /* Frameworks */,
			);
			sourceTree = "<group>";
		};
		2EB2F08122314D450067098E /* Products */ = {
			isa = PBXGroup;
			children = (
				2EB2F08022314D450067098E /* MemoryEntiMemes.app */,
			);
			name = Products;
			sourceTree = "<group>";
		};
		2EB2F08222314D450067098E /* MemoryEntiMemes */ = {
			isa = PBXGroup;
			children = (
				2E88D33822A803ED00DED0A8 /* Music */,
				2E1341D5225F67A200827C06 /* Assets.xcassets */,
				2E18225C2243CAA00031B51E /* UI */,
				2E18225B2243CA7A0031B51E /* Model */,
				2E18225A2243CA710031B51E /* Engine */,
				2EB2F08322314D450067098E /* AppDelegate.swift */,
				2EB2F08722314D450067098E /* Actions.sks */,
				2E176055223BD72C00A05515 /* PlayMenuScene.swift */,
				2E88D33622A800F700DED0A8 /* Audio.swift */,
				2E16B482223A98CF0093F8F6 /* ResultScene.swift */,
				2E16B480223A98B10093F8F6 /* AboutScene.swift */,
				2E16B47E223A966C0093F8F6 /* MenuScene.swift */,
				2EF8506B2273361400783C4E /* GoogleService-Info.plist */,
				2EB2F08B22314D450067098E /* GameViewController.swift */,
				2EB2F08D22314D450067098E /* Main.storyboard */,
				2EB2F09222314D450067098E /* LaunchScreen.storyboard */,
				2EB2F09522314D460067098E /* Info.plist */,
				2E136DA522450EC100130FD2 /* GameScene.swift */,
				2EF8506D227338B000783C4E /* FirebaseSevice.swift */,
				2E1A369E22845A2600908A6D /* Actions.strings */,
				2E1A36A422845AA500908A6D /* Localizable.strings */,
				2E1302E8228F0365001A7C5C /* Fireflies.sks */,
				2E88D33422A7FF8300DED0A8 /* Prefs.swift */,
			);
			path = MemoryEntiMemes;
			sourceTree = "<group>";
		};
/* End PBXGroup section */

/* Begin PBXNativeTarget section */
		2EB2F07F22314D450067098E /* MemoryEntiMemes */ = {
			isa = PBXNativeTarget;
			buildConfigurationList = 2EB2F09822314D460067098E /* Build configuration list for PBXNativeTarget "MemoryEntiMemes" */;
			buildPhases = (
				97DE66176AC634D802A8F90F /* [CP] Check Pods Manifest.lock */,
				2EB2F07C22314D450067098E /* Sources */,
				2EB2F07D22314D450067098E /* Frameworks */,
				2EB2F07E22314D450067098E /* Resources */,
				58C61367EFA12FD4457BEED4 /* [CP] Embed Pods Frameworks */,
			);
			buildRules = (
			);
			dependencies = (
			);
			name = MemoryEntiMemes;
			productName = MemoryEntiMemes;
			productReference = 2EB2F08022314D450067098E /* MemoryEntiMemes.app */;
			productType = "com.apple.product-type.application";
		};
/* End PBXNativeTarget section */

/* Begin PBXProject section */
		2EB2F07822314D450067098E /* Project object */ = {
			isa = PBXProject;
			attributes = {
				LastSwiftUpdateCheck = 1010;
				LastUpgradeCheck = 1010;
				ORGANIZATIONNAME = cat.enti;
				TargetAttributes = {
					2EB2F07F22314D450067098E = {
						CreatedOnToolsVersion = 10.1;
					};
				};
			};
			buildConfigurationList = 2EB2F07B22314D450067098E /* Build configuration list for PBXProject "MemoryEntiMemes" */;
			compatibilityVersion = "Xcode 9.3";
			developmentRegion = en;
			hasScannedForEncodings = 0;
			knownRegions = (
				en,
				Base,
				es,
				"ca-ES",
			);
			mainGroup = 2EB2F07722314D450067098E;
			productRefGroup = 2EB2F08122314D450067098E /* Products */;
			projectDirPath = "";
			projectRoot = "";
			targets = (
				2EB2F07F22314D450067098E /* MemoryEntiMemes */,
			);
		};
/* End PBXProject section */

/* Begin PBXResourcesBuildPhase section */
		2EB2F07E22314D450067098E /* Resources */ = {
			isa = PBXResourcesBuildPhase;
			buildActionMask = 2147483647;
			files = (
				2E88D33C22A81E2600DED0A8 /* wrong.mp3 in Resources */,
				2E88D33A22A8040500DED0A8 /* BACKGROUND_MUSIC.mp3 in Resources */,
				2E1302E9228F0365001A7C5C /* Fireflies.sks in Resources */,
				2EB2F08F22314D450067098E /* Main.storyboard in Resources */,
				2EB2F09422314D450067098E /* LaunchScreen.storyboard in Resources */,
				2E1A369F22845A2600908A6D /* Actions.strings in Resources */,
				2E1A36A222845AA500908A6D /* Localizable.strings in Resources */,
				2EF8506C2273361400783C4E /* GoogleService-Info.plist in Resources */,
				2E1341D6225F67A200827C06 /* Assets.xcassets in Resources */,
				2EB2F08822314D450067098E /* Actions.sks in Resources */,
			);
			runOnlyForDeploymentPostprocessing = 0;
		};
/* End PBXResourcesBuildPhase section */

/* Begin PBXShellScriptBuildPhase section */
		58C61367EFA12FD4457BEED4 /* [CP] Embed Pods Frameworks */ = {
			isa = PBXShellScriptBuildPhase;
			buildActionMask = 2147483647;
			files = (
			);
			inputFileListPaths = (
			);
			inputPaths = (
				"${PODS_ROOT}/Target Support Files/Pods-MemoryEntiMemes/Pods-MemoryEntiMemes-frameworks.sh",
				"${BUILT_PRODUCTS_DIR}/BoringSSL-GRPC/openssl_grpc.framework",
				"${BUILT_PRODUCTS_DIR}/GoogleUtilities/GoogleUtilities.framework",
				"${BUILT_PRODUCTS_DIR}/Protobuf/Protobuf.framework",
				"${BUILT_PRODUCTS_DIR}/gRPC-C++/grpcpp.framework",
				"${BUILT_PRODUCTS_DIR}/gRPC-Core/grpc.framework",
				"${BUILT_PRODUCTS_DIR}/leveldb-library/leveldb.framework",
				"${BUILT_PRODUCTS_DIR}/nanopb/nanopb.framework",
			);
			name = "[CP] Embed Pods Frameworks";
			outputFileListPaths = (
			);
			outputPaths = (
				"${TARGET_BUILD_DIR}/${FRAMEWORKS_FOLDER_PATH}/openssl_grpc.framework",
				"${TARGET_BUILD_DIR}/${FRAMEWORKS_FOLDER_PATH}/GoogleUtilities.framework",
				"${TARGET_BUILD_DIR}/${FRAMEWORKS_FOLDER_PATH}/Protobuf.framework",
				"${TARGET_BUILD_DIR}/${FRAMEWORKS_FOLDER_PATH}/grpcpp.framework",
				"${TARGET_BUILD_DIR}/${FRAMEWORKS_FOLDER_PATH}/grpc.framework",
				"${TARGET_BUILD_DIR}/${FRAMEWORKS_FOLDER_PATH}/leveldb.framework",
				"${TARGET_BUILD_DIR}/${FRAMEWORKS_FOLDER_PATH}/nanopb.framework",
			);
			runOnlyForDeploymentPostprocessing = 0;
			shellPath = /bin/sh;
			shellScript = "\"${PODS_ROOT}/Target Support Files/Pods-MemoryEntiMemes/Pods-MemoryEntiMemes-frameworks.sh\"\n";
			showEnvVarsInLog = 0;
		};
		97DE66176AC634D802A8F90F /* [CP] Check Pods Manifest.lock */ = {
			isa = PBXShellScriptBuildPhase;
			buildActionMask = 2147483647;
			files = (
			);
			inputFileListPaths = (
			);
			inputPaths = (
				"${PODS_PODFILE_DIR_PATH}/Podfile.lock",
				"${PODS_ROOT}/Manifest.lock",
			);
			name = "[CP] Check Pods Manifest.lock";
			outputFileListPaths = (
			);
			outputPaths = (
				"$(DERIVED_FILE_DIR)/Pods-MemoryEntiMemes-checkManifestLockResult.txt",
			);
			runOnlyForDeploymentPostprocessing = 0;
			shellPath = /bin/sh;
			shellScript = "diff \"${PODS_PODFILE_DIR_PATH}/Podfile.lock\" \"${PODS_ROOT}/Manifest.lock\" > /dev/null\nif [ $? != 0 ] ; then\n    # print error to STDERR\n    echo \"error: The sandbox is not in sync with the Podfile.lock. Run 'pod install' or update your CocoaPods installation.\" >&2\n    exit 1\nfi\n# This output is used by Xcode 'outputs' to avoid re-running this script phase.\necho \"SUCCESS\" > \"${SCRIPT_OUTPUT_FILE_0}\"\n";
			showEnvVarsInLog = 0;
		};
/* End PBXShellScriptBuildPhase section */

/* Begin PBXSourcesBuildPhase section */
		2EB2F07C22314D450067098E /* Sources */ = {
			isa = PBXSourcesBuildPhase;
			buildActionMask = 2147483647;
			files = (
				2EB2F08C22314D450067098E /* GameViewController.swift in Sources */,
				2E1822592243C8720031B51E /* Card.swift in Sources */,
				2E16B483223A98CF0093F8F6 /* ResultScene.swift in Sources */,
				2EB2F09E22315D9B0067098E /* ImageButton.swift in Sources */,
				2E1302E5228EFF11001A7C5C /* Score.swift in Sources */,
				2E1822612243D1130031B51E /* CardSprite.swift in Sources */,
				2EF8506E227338B000783C4E /* FirebaseSevice.swift in Sources */,
				2E16B47F223A966C0093F8F6 /* MenuScene.swift in Sources */,
				2E136DA622450EC100130FD2 /* GameScene.swift in Sources */,
				2E88D33722A800F700DED0A8 /* Audio.swift in Sources */,
				2E88D33522A7FF8300DED0A8 /* Prefs.swift in Sources */,
				2EB2F08422314D450067098E /* AppDelegate.swift in Sources */,
				2E16B481223A98B10093F8F6 /* AboutScene.swift in Sources */,
				2E1710A0224E549200C58B22 /* Preferences.swift in Sources */,
				2EB2F09C22314E510067098E /* Button.swift in Sources */,
				2E18225E2243CB010031B51E /* GameLogic.swift in Sources */,
				2E176056223BD72C00A05515 /* PlayMenuScene.swift in Sources */,
			);
			runOnlyForDeploymentPostprocessing = 0;
		};
/* End PBXSourcesBuildPhase section */

/* Begin PBXVariantGroup section */
		2E1A36A422845AA500908A6D /* Localizable.strings */ = {
			isa = PBXVariantGroup;
			children = (
				2E1A36A322845AA500908A6D /* en */,
				2E1A36A522845AAC00908A6D /* es */,
				2E1A36A622845AC800908A6D /* ca-ES */,
			);
			name = Localizable.strings;
			sourceTree = "<group>";
		};
		2EB2F08D22314D450067098E /* Main.storyboard */ = {
			isa = PBXVariantGroup;
			children = (
				2EB2F08E22314D450067098E /* Base */,
				2E1A369A2284576000908A6D /* es */,
				2E1A369C2284577400908A6D /* ca-ES */,
			);
			name = Main.storyboard;
			sourceTree = "<group>";
		};
		2EB2F09222314D450067098E /* LaunchScreen.storyboard */ = {
			isa = PBXVariantGroup;
			children = (
				2EB2F09322314D450067098E /* Base */,
				2E1A369B2284576100908A6D /* es */,
				2E1A369D2284577400908A6D /* ca-ES */,
			);
			name = LaunchScreen.storyboard;
			sourceTree = "<group>";
		};
/* End PBXVariantGroup section */

/* Begin XCBuildConfiguration section */
		2EB2F09622314D460067098E /* Debug */ = {
			isa = XCBuildConfiguration;
			buildSettings = {
				ALWAYS_SEARCH_USER_PATHS = NO;
				CLANG_ANALYZER_LOCALIZABILITY_NONLOCALIZED = YES;
				CLANG_ANALYZER_NONNULL = YES;
				CLANG_ANALYZER_NUMBER_OBJECT_CONVERSION = YES_AGGRESSIVE;
				CLANG_CXX_LANGUAGE_STANDARD = "gnu++14";
				CLANG_CXX_LIBRARY = "libc++";
				CLANG_ENABLE_MODULES = YES;
				CLANG_ENABLE_OBJC_ARC = YES;
				CLANG_ENABLE_OBJC_WEAK = YES;
				CLANG_WARN_BLOCK_CAPTURE_AUTORELEASING = YES;
				CLANG_WARN_BOOL_CONVERSION = YES;
				CLANG_WARN_COMMA = YES;
				CLANG_WARN_CONSTANT_CONVERSION = YES;
				CLANG_WARN_DEPRECATED_OBJC_IMPLEMENTATIONS = YES;
				CLANG_WARN_DIRECT_OBJC_ISA_USAGE = YES_ERROR;
				CLANG_WARN_DOCUMENTATION_COMMENTS = YES;
				CLANG_WARN_EMPTY_BODY = YES;
				CLANG_WARN_ENUM_CONVERSION = YES;
				CLANG_WARN_INFINITE_RECURSION = YES;
				CLANG_WARN_INT_CONVERSION = YES;
				CLANG_WARN_NON_LITERAL_NULL_CONVERSION = YES;
				CLANG_WARN_OBJC_IMPLICIT_RETAIN_SELF = YES;
				CLANG_WARN_OBJC_LITERAL_CONVERSION = YES;
				CLANG_WARN_OBJC_ROOT_CLASS = YES_ERROR;
				CLANG_WARN_RANGE_LOOP_ANALYSIS = YES;
				CLANG_WARN_STRICT_PROTOTYPES = YES;
				CLANG_WARN_SUSPICIOUS_MOVE = YES;
				CLANG_WARN_UNGUARDED_AVAILABILITY = YES_AGGRESSIVE;
				CLANG_WARN_UNREACHABLE_CODE = YES;
				CLANG_WARN__DUPLICATE_METHOD_MATCH = YES;
				CODE_SIGN_IDENTITY = "iPhone Developer";
				COPY_PHASE_STRIP = NO;
				DEBUG_INFORMATION_FORMAT = dwarf;
				ENABLE_STRICT_OBJC_MSGSEND = YES;
				ENABLE_TESTABILITY = YES;
				GCC_C_LANGUAGE_STANDARD = gnu11;
				GCC_DYNAMIC_NO_PIC = NO;
				GCC_NO_COMMON_BLOCKS = YES;
				GCC_OPTIMIZATION_LEVEL = 0;
				GCC_PREPROCESSOR_DEFINITIONS = (
					"DEBUG=1",
					"$(inherited)",
				);
				GCC_WARN_64_TO_32_BIT_CONVERSION = YES;
				GCC_WARN_ABOUT_RETURN_TYPE = YES_ERROR;
				GCC_WARN_UNDECLARED_SELECTOR = YES;
				GCC_WARN_UNINITIALIZED_AUTOS = YES_AGGRESSIVE;
				GCC_WARN_UNUSED_FUNCTION = YES;
				GCC_WARN_UNUSED_VARIABLE = YES;
				IPHONEOS_DEPLOYMENT_TARGET = 12.1;
				MTL_ENABLE_DEBUG_INFO = INCLUDE_SOURCE;
				MTL_FAST_MATH = YES;
				ONLY_ACTIVE_ARCH = YES;
				SDKROOT = iphoneos;
				SWIFT_ACTIVE_COMPILATION_CONDITIONS = DEBUG;
				SWIFT_OPTIMIZATION_LEVEL = "-Onone";
			};
			name = Debug;
		};
		2EB2F09722314D460067098E /* Release */ = {
			isa = XCBuildConfiguration;
			buildSettings = {
				ALWAYS_SEARCH_USER_PATHS = NO;
				CLANG_ANALYZER_LOCALIZABILITY_NONLOCALIZED = YES;
				CLANG_ANALYZER_NONNULL = YES;
				CLANG_ANALYZER_NUMBER_OBJECT_CONVERSION = YES_AGGRESSIVE;
				CLANG_CXX_LANGUAGE_STANDARD = "gnu++14";
				CLANG_CXX_LIBRARY = "libc++";
				CLANG_ENABLE_MODULES = YES;
				CLANG_ENABLE_OBJC_ARC = YES;
				CLANG_ENABLE_OBJC_WEAK = YES;
				CLANG_WARN_BLOCK_CAPTURE_AUTORELEASING = YES;
				CLANG_WARN_BOOL_CONVERSION = YES;
				CLANG_WARN_COMMA = YES;
				CLANG_WARN_CONSTANT_CONVERSION = YES;
				CLANG_WARN_DEPRECATED_OBJC_IMPLEMENTATIONS = YES;
				CLANG_WARN_DIRECT_OBJC_ISA_USAGE = YES_ERROR;
				CLANG_WARN_DOCUMENTATION_COMMENTS = YES;
				CLANG_WARN_EMPTY_BODY = YES;
				CLANG_WARN_ENUM_CONVERSION = YES;
				CLANG_WARN_INFINITE_RECURSION = YES;
				CLANG_WARN_INT_CONVERSION = YES;
				CLANG_WARN_NON_LITERAL_NULL_CONVERSION = YES;
				CLANG_WARN_OBJC_IMPLICIT_RETAIN_SELF = YES;
				CLANG_WARN_OBJC_LITERAL_CONVERSION = YES;
				CLANG_WARN_OBJC_ROOT_CLASS = YES_ERROR;
				CLANG_WARN_RANGE_LOOP_ANALYSIS = YES;
				CLANG_WARN_STRICT_PROTOTYPES = YES;
				CLANG_WARN_SUSPICIOUS_MOVE = YES;
				CLANG_WARN_UNGUARDED_AVAILABILITY = YES_AGGRESSIVE;
				CLANG_WARN_UNREACHABLE_CODE = YES;
				CLANG_WARN__DUPLICATE_METHOD_MATCH = YES;
				CODE_SIGN_IDENTITY = "iPhone Developer";
				COPY_PHASE_STRIP = NO;
				DEBUG_INFORMATION_FORMAT = "dwarf-with-dsym";
				ENABLE_NS_ASSERTIONS = NO;
				ENABLE_STRICT_OBJC_MSGSEND = YES;
				GCC_C_LANGUAGE_STANDARD = gnu11;
				GCC_NO_COMMON_BLOCKS = YES;
				GCC_WARN_64_TO_32_BIT_CONVERSION = YES;
				GCC_WARN_ABOUT_RETURN_TYPE = YES_ERROR;
				GCC_WARN_UNDECLARED_SELECTOR = YES;
				GCC_WARN_UNINITIALIZED_AUTOS = YES_AGGRESSIVE;
				GCC_WARN_UNUSED_FUNCTION = YES;
				GCC_WARN_UNUSED_VARIABLE = YES;
				IPHONEOS_DEPLOYMENT_TARGET = 12.1;
				MTL_ENABLE_DEBUG_INFO = NO;
				MTL_FAST_MATH = YES;
				SDKROOT = iphoneos;
				SWIFT_COMPILATION_MODE = wholemodule;
				SWIFT_OPTIMIZATION_LEVEL = "-O";
				VALIDATE_PRODUCT = YES;
			};
			name = Release;
		};
		2EB2F09922314D460067098E /* Debug */ = {
			isa = XCBuildConfiguration;
			baseConfigurationReference = 0AA01DCA3BBFA3FAAE7ABAB9 /* Pods-MemoryEntiMemes.debug.xcconfig */;
			buildSettings = {
				ASSETCATALOG_COMPILER_APPICON_NAME = AppIcon;
				CODE_SIGN_STYLE = Automatic;
				DEVELOPMENT_TEAM = Q595R767SJ;
				INFOPLIST_FILE = MemoryEntiMemes/Info.plist;
				LD_RUNPATH_SEARCH_PATHS = (
					"$(inherited)",
					"@executable_path/Frameworks",
				);
				PRODUCT_BUNDLE_IDENTIFIER = Anna.MemoryEntiMemes;
				PRODUCT_NAME = "$(TARGET_NAME)";
				SWIFT_VERSION = 4.2;
				TARGETED_DEVICE_FAMILY = "1,2";
			};
			name = Debug;
		};
		2EB2F09A22314D460067098E /* Release */ = {
			isa = XCBuildConfiguration;
			baseConfigurationReference = 1EBFC025525FE251EA2FDAB1 /* Pods-MemoryEntiMemes.release.xcconfig */;
			buildSettings = {
				ASSETCATALOG_COMPILER_APPICON_NAME = AppIcon;
				CODE_SIGN_STYLE = Automatic;
				DEVELOPMENT_TEAM = Q595R767SJ;
				INFOPLIST_FILE = MemoryEntiMemes/Info.plist;
				LD_RUNPATH_SEARCH_PATHS = (
					"$(inherited)",
					"@executable_path/Frameworks",
				);
				PRODUCT_BUNDLE_IDENTIFIER = Anna.MemoryEntiMemes;
				PRODUCT_NAME = "$(TARGET_NAME)";
				SWIFT_VERSION = 4.2;
				TARGETED_DEVICE_FAMILY = "1,2";
			};
			name = Release;
		};
/* End XCBuildConfiguration section */

/* Begin XCConfigurationList section */
		2EB2F07B22314D450067098E /* Build configuration list for PBXProject "MemoryEntiMemes" */ = {
			isa = XCConfigurationList;
			buildConfigurations = (
				2EB2F09622314D460067098E /* Debug */,
				2EB2F09722314D460067098E /* Release */,
			);
			defaultConfigurationIsVisible = 0;
			defaultConfigurationName = Release;
		};
		2EB2F09822314D460067098E /* Build configuration list for PBXNativeTarget "MemoryEntiMemes" */ = {
			isa = XCConfigurationList;
			buildConfigurations = (
				2EB2F09922314D460067098E /* Debug */,
				2EB2F09A22314D460067098E /* Release */,
			);
			defaultConfigurationIsVisible = 0;
			defaultConfigurationName = Release;
		};
/* End XCConfigurationList section */
	};
	rootObject = 2EB2F07822314D450067098E /* Project object */;
}
